// !$*UTF8*$!
{
	archiveVersion = 1;
	classes = {
	};
	objectVersion = 46;
	objects = {

/* Begin PBXBuildFile section */
		19F07AEE52F7348163977FF2 /* Pods_iOS_Firebase_DemoTests.framework in Frameworks */ = {isa = PBXBuildFile; fileRef = 2ED0E65D5051BF6F462807F9 /* Pods_iOS_Firebase_DemoTests.framework */; };
		55FD0286AF710071F4471012 /* Pods_iOS_Firebase_DemoUITests.framework in Frameworks */ = {isa = PBXBuildFile; fileRef = D40FCB67BD439E2153DF676B /* Pods_iOS_Firebase_DemoUITests.framework */; };
		760DE2FA1DEC8AB300D6EE15 /* AppDelegate.swift in Sources */ = {isa = PBXBuildFile; fileRef = 760DE2F91DEC8AB300D6EE15 /* AppDelegate.swift */; };
		760DE2FC1DEC8AB300D6EE15 /* ViewController.swift in Sources */ = {isa = PBXBuildFile; fileRef = 760DE2FB1DEC8AB300D6EE15 /* ViewController.swift */; };
		760DE2FF1DEC8AB300D6EE15 /* Main.storyboard in Resources */ = {isa = PBXBuildFile; fileRef = 760DE2FD1DEC8AB300D6EE15 /* Main.storyboard */; };
		760DE3011DEC8AB300D6EE15 /* Assets.xcassets in Resources */ = {isa = PBXBuildFile; fileRef = 760DE3001DEC8AB300D6EE15 /* Assets.xcassets */; };
		760DE3041DEC8AB300D6EE15 /* LaunchScreen.storyboard in Resources */ = {isa = PBXBuildFile; fileRef = 760DE3021DEC8AB300D6EE15 /* LaunchScreen.storyboard */; };
		760DE30F1DEC8AB300D6EE15 /* iOS_Firebase_DemoTests.swift in Sources */ = {isa = PBXBuildFile; fileRef = 760DE30E1DEC8AB300D6EE15 /* iOS_Firebase_DemoTests.swift */; };
		760DE31A1DEC8AB300D6EE15 /* iOS_Firebase_DemoUITests.swift in Sources */ = {isa = PBXBuildFile; fileRef = 760DE3191DEC8AB300D6EE15 /* iOS_Firebase_DemoUITests.swift */; };
		760DE3281DEC8B0300D6EE15 /* GoogleService-Info.plist in Resources */ = {isa = PBXBuildFile; fileRef = 760DE3271DEC8B0300D6EE15 /* GoogleService-Info.plist */; };
		A6F6AFCB91732A5806A621A6 /* Pods_iOS_Firebase_Demo.framework in Frameworks */ = {isa = PBXBuildFile; fileRef = 8CC0B0F5619D797DAF4E93A8 /* Pods_iOS_Firebase_Demo.framework */; };
/* End PBXBuildFile section */

/* Begin PBXContainerItemProxy section */
		760DE30B1DEC8AB300D6EE15 /* PBXContainerItemProxy */ = {
			isa = PBXContainerItemProxy;
			containerPortal = 760DE2EE1DEC8AB300D6EE15 /* Project object */;
			proxyType = 1;
			remoteGlobalIDString = 760DE2F51DEC8AB300D6EE15;
			remoteInfo = iOS_Firebase_Demo;
		};
		760DE3161DEC8AB300D6EE15 /* PBXContainerItemProxy */ = {
			isa = PBXContainerItemProxy;
			containerPortal = 760DE2EE1DEC8AB300D6EE15 /* Project object */;
			proxyType = 1;
			remoteGlobalIDString = 760DE2F51DEC8AB300D6EE15;
			remoteInfo = iOS_Firebase_Demo;
		};
/* End PBXContainerItemProxy section */

/* Begin PBXFileReference section */
		20757D1D2F66E85F0DFF4445 /* Pods-iOS_Firebase_DemoTests.debug.xcconfig */ = {isa = PBXFileReference; includeInIndex = 1; lastKnownFileType = text.xcconfig; name = "Pods-iOS_Firebase_DemoTests.debug.xcconfig"; path = "Pods/Target Support Files/Pods-iOS_Firebase_DemoTests/Pods-iOS_Firebase_DemoTests.debug.xcconfig"; sourceTree = "<group>"; };
		2ED0E65D5051BF6F462807F9 /* Pods_iOS_Firebase_DemoTests.framework */ = {isa = PBXFileReference; explicitFileType = wrapper.framework; includeInIndex = 0; path = Pods_iOS_Firebase_DemoTests.framework; sourceTree = BUILT_PRODUCTS_DIR; };
		57C7AC481EC49964429A430A /* Pods-iOS_Firebase_Demo.debug.xcconfig */ = {isa = PBXFileReference; includeInIndex = 1; lastKnownFileType = text.xcconfig; name = "Pods-iOS_Firebase_Demo.debug.xcconfig"; path = "Pods/Target Support Files/Pods-iOS_Firebase_Demo/Pods-iOS_Firebase_Demo.debug.xcconfig"; sourceTree = "<group>"; };
		760DE2F61DEC8AB300D6EE15 /* iOS_Firebase_Demo.app */ = {isa = PBXFileReference; explicitFileType = wrapper.application; includeInIndex = 0; path = iOS_Firebase_Demo.app; sourceTree = BUILT_PRODUCTS_DIR; };
		760DE2F91DEC8AB300D6EE15 /* AppDelegate.swift */ = {isa = PBXFileReference; lastKnownFileType = sourcecode.swift; path = AppDelegate.swift; sourceTree = "<group>"; };
		760DE2FB1DEC8AB300D6EE15 /* ViewController.swift */ = {isa = PBXFileReference; lastKnownFileType = sourcecode.swift; path = ViewController.swift; sourceTree = "<group>"; };
		760DE2FE1DEC8AB300D6EE15 /* Base */ = {isa = PBXFileReference; lastKnownFileType = file.storyboard; name = Base; path = Base.lproj/Main.storyboard; sourceTree = "<group>"; };
		760DE3001DEC8AB300D6EE15 /* Assets.xcassets */ = {isa = PBXFileReference; lastKnownFileType = folder.assetcatalog; path = Assets.xcassets; sourceTree = "<group>"; };
		760DE3031DEC8AB300D6EE15 /* Base */ = {isa = PBXFileReference; lastKnownFileType = file.storyboard; name = Base; path = Base.lproj/LaunchScreen.storyboard; sourceTree = "<group>"; };
		760DE3051DEC8AB300D6EE15 /* Info.plist */ = {isa = PBXFileReference; lastKnownFileType = text.plist.xml; path = Info.plist; sourceTree = "<group>"; };
		760DE30A1DEC8AB300D6EE15 /* iOS_Firebase_DemoTests.xctest */ = {isa = PBXFileReference; explicitFileType = wrapper.cfbundle; includeInIndex = 0; path = iOS_Firebase_DemoTests.xctest; sourceTree = BUILT_PRODUCTS_DIR; };
		760DE30E1DEC8AB300D6EE15 /* iOS_Firebase_DemoTests.swift */ = {isa = PBXFileReference; lastKnownFileType = sourcecode.swift; path = iOS_Firebase_DemoTests.swift; sourceTree = "<group>"; };
		760DE3101DEC8AB300D6EE15 /* Info.plist */ = {isa = PBXFileReference; lastKnownFileType = text.plist.xml; path = Info.plist; sourceTree = "<group>"; };
		760DE3151DEC8AB300D6EE15 /* iOS_Firebase_DemoUITests.xctest */ = {isa = PBXFileReference; explicitFileType = wrapper.cfbundle; includeInIndex = 0; path = iOS_Firebase_DemoUITests.xctest; sourceTree = BUILT_PRODUCTS_DIR; };
		760DE3191DEC8AB300D6EE15 /* iOS_Firebase_DemoUITests.swift */ = {isa = PBXFileReference; lastKnownFileType = sourcecode.swift; path = iOS_Firebase_DemoUITests.swift; sourceTree = "<group>"; };
		760DE31B1DEC8AB300D6EE15 /* Info.plist */ = {isa = PBXFileReference; lastKnownFileType = text.plist.xml; path = Info.plist; sourceTree = "<group>"; };
		760DE3271DEC8B0300D6EE15 /* GoogleService-Info.plist */ = {isa = PBXFileReference; fileEncoding = 4; lastKnownFileType = text.plist.xml; path = "GoogleService-Info.plist"; sourceTree = "<group>"; };
		8CC0B0F5619D797DAF4E93A8 /* Pods_iOS_Firebase_Demo.framework */ = {isa = PBXFileReference; explicitFileType = wrapper.framework; includeInIndex = 0; path = Pods_iOS_Firebase_Demo.framework; sourceTree = BUILT_PRODUCTS_DIR; };
		98847241D7B177BC285046B1 /* Pods-iOS_Firebase_DemoUITests.release.xcconfig */ = {isa = PBXFileReference; includeInIndex = 1; lastKnownFileType = text.xcconfig; name = "Pods-iOS_Firebase_DemoUITests.release.xcconfig"; path = "Pods/Target Support Files/Pods-iOS_Firebase_DemoUITests/Pods-iOS_Firebase_DemoUITests.release.xcconfig"; sourceTree = "<group>"; };
		A60D1B24467CE52E4D9F31E0 /* Pods-iOS_Firebase_DemoUITests.debug.xcconfig */ = {isa = PBXFileReference; includeInIndex = 1; lastKnownFileType = text.xcconfig; name = "Pods-iOS_Firebase_DemoUITests.debug.xcconfig"; path = "Pods/Target Support Files/Pods-iOS_Firebase_DemoUITests/Pods-iOS_Firebase_DemoUITests.debug.xcconfig"; sourceTree = "<group>"; };
		D2AA08546D1C615525E488E4 /* Pods-iOS_Firebase_DemoTests.release.xcconfig */ = {isa = PBXFileReference; includeInIndex = 1; lastKnownFileType = text.xcconfig; name = "Pods-iOS_Firebase_DemoTests.release.xcconfig"; path = "Pods/Target Support Files/Pods-iOS_Firebase_DemoTests/Pods-iOS_Firebase_DemoTests.release.xcconfig"; sourceTree = "<group>"; };
		D2CEF80CAE13371CF2F87ABB /* Pods-iOS_Firebase_Demo.release.xcconfig */ = {isa = PBXFileReference; includeInIndex = 1; lastKnownFileType = text.xcconfig; name = "Pods-iOS_Firebase_Demo.release.xcconfig"; path = "Pods/Target Support Files/Pods-iOS_Firebase_Demo/Pods-iOS_Firebase_Demo.release.xcconfig"; sourceTree = "<group>"; };
		D40FCB67BD439E2153DF676B /* Pods_iOS_Firebase_DemoUITests.framework */ = {isa = PBXFileReference; explicitFileType = wrapper.framework; includeInIndex = 0; path = Pods_iOS_Firebase_DemoUITests.framework; sourceTree = BUILT_PRODUCTS_DIR; };
/* End PBXFileReference section */

/* Begin PBXFrameworksBuildPhase section */
		760DE2F31DEC8AB300D6EE15 /* Frameworks */ = {
			isa = PBXFrameworksBuildPhase;
			buildActionMask = 2147483647;
			files = (
				A6F6AFCB91732A5806A621A6 /* Pods_iOS_Firebase_Demo.framework in Frameworks */,
			);
			runOnlyForDeploymentPostprocessing = 0;
		};
		760DE3071DEC8AB300D6EE15 /* Frameworks */ = {
			isa = PBXFrameworksBuildPhase;
			buildActionMask = 2147483647;
			files = (
				19F07AEE52F7348163977FF2 /* Pods_iOS_Firebase_DemoTests.framework in Frameworks */,
			);
			runOnlyForDeploymentPostprocessing = 0;
		};
		760DE3121DEC8AB300D6EE15 /* Frameworks */ = {
			isa = PBXFrameworksBuildPhase;
			buildActionMask = 2147483647;
			files = (
				55FD0286AF710071F4471012 /* Pods_iOS_Firebase_DemoUITests.framework in Frameworks */,
			);
			runOnlyForDeploymentPostprocessing = 0;
		};
/* End PBXFrameworksBuildPhase section */

/* Begin PBXGroup section */
		6BB27BDB3BE47AA43C6F5EFA /* Pods */ = {
			isa = PBXGroup;
			children = (
				57C7AC481EC49964429A430A /* Pods-iOS_Firebase_Demo.debug.xcconfig */,
				D2CEF80CAE13371CF2F87ABB /* Pods-iOS_Firebase_Demo.release.xcconfig */,
				20757D1D2F66E85F0DFF4445 /* Pods-iOS_Firebase_DemoTests.debug.xcconfig */,
				D2AA08546D1C615525E488E4 /* Pods-iOS_Firebase_DemoTests.release.xcconfig */,
				A60D1B24467CE52E4D9F31E0 /* Pods-iOS_Firebase_DemoUITests.debug.xcconfig */,
				98847241D7B177BC285046B1 /* Pods-iOS_Firebase_DemoUITests.release.xcconfig */,
			);
			name = Pods;
			sourceTree = "<group>";
		};
		760DE2ED1DEC8AB300D6EE15 = {
			isa = PBXGroup;
			children = (
				760DE2F81DEC8AB300D6EE15 /* iOS_Firebase_Demo */,
				760DE30D1DEC8AB300D6EE15 /* iOS_Firebase_DemoTests */,
				760DE3181DEC8AB300D6EE15 /* iOS_Firebase_DemoUITests */,
				760DE2F71DEC8AB300D6EE15 /* Products */,
				6BB27BDB3BE47AA43C6F5EFA /* Pods */,
				98F1E3A789E33FD7D9868DC5 /* Frameworks */,
			);
			sourceTree = "<group>";
		};
		760DE2F71DEC8AB300D6EE15 /* Products */ = {
			isa = PBXGroup;
			children = (
				760DE2F61DEC8AB300D6EE15 /* iOS_Firebase_Demo.app */,
				760DE30A1DEC8AB300D6EE15 /* iOS_Firebase_DemoTests.xctest */,
				760DE3151DEC8AB300D6EE15 /* iOS_Firebase_DemoUITests.xctest */,
			);
			name = Products;
			sourceTree = "<group>";
		};
		760DE2F81DEC8AB300D6EE15 /* iOS_Firebase_Demo */ = {
			isa = PBXGroup;
			children = (
				760DE2F91DEC8AB300D6EE15 /* AppDelegate.swift */,
				760DE2FB1DEC8AB300D6EE15 /* ViewController.swift */,
				760DE2FD1DEC8AB300D6EE15 /* Main.storyboard */,
				760DE3001DEC8AB300D6EE15 /* Assets.xcassets */,
				760DE3021DEC8AB300D6EE15 /* LaunchScreen.storyboard */,
				760DE3051DEC8AB300D6EE15 /* Info.plist */,
				760DE3271DEC8B0300D6EE15 /* GoogleService-Info.plist */,
			);
			path = iOS_Firebase_Demo;
			sourceTree = "<group>";
		};
		760DE30D1DEC8AB300D6EE15 /* iOS_Firebase_DemoTests */ = {
			isa = PBXGroup;
			children = (
				760DE30E1DEC8AB300D6EE15 /* iOS_Firebase_DemoTests.swift */,
				760DE3101DEC8AB300D6EE15 /* Info.plist */,
			);
			path = iOS_Firebase_DemoTests;
			sourceTree = "<group>";
		};
		760DE3181DEC8AB300D6EE15 /* iOS_Firebase_DemoUITests */ = {
			isa = PBXGroup;
			children = (
				760DE3191DEC8AB300D6EE15 /* iOS_Firebase_DemoUITests.swift */,
				760DE31B1DEC8AB300D6EE15 /* Info.plist */,
			);
			path = iOS_Firebase_DemoUITests;
			sourceTree = "<group>";
		};
		98F1E3A789E33FD7D9868DC5 /* Frameworks */ = {
			isa = PBXGroup;
			children = (
				8CC0B0F5619D797DAF4E93A8 /* Pods_iOS_Firebase_Demo.framework */,
				2ED0E65D5051BF6F462807F9 /* Pods_iOS_Firebase_DemoTests.framework */,
				D40FCB67BD439E2153DF676B /* Pods_iOS_Firebase_DemoUITests.framework */,
			);
			name = Frameworks;
			sourceTree = "<group>";
		};
/* End PBXGroup section */

/* Begin PBXNativeTarget section */
		760DE2F51DEC8AB300D6EE15 /* iOS_Firebase_Demo */ = {
			isa = PBXNativeTarget;
			buildConfigurationList = 760DE31E1DEC8AB300D6EE15 /* Build configuration list for PBXNativeTarget "iOS_Firebase_Demo" */;
			buildPhases = (
				66C6A0C9B9F0150AECFC0643 /* [CP] Check Pods Manifest.lock */,
				760DE2F21DEC8AB300D6EE15 /* Sources */,
				760DE2F31DEC8AB300D6EE15 /* Frameworks */,
				760DE2F41DEC8AB300D6EE15 /* Resources */,
				4E1043472EAA44E145DC7E1C /* [CP] Embed Pods Frameworks */,
				B793E391BC41D3F8A512D457 /* [CP] Copy Pods Resources */,
			);
			buildRules = (
			);
			dependencies = (
			);
			name = iOS_Firebase_Demo;
			productName = iOS_Firebase_Demo;
			productReference = 760DE2F61DEC8AB300D6EE15 /* iOS_Firebase_Demo.app */;
			productType = "com.apple.product-type.application";
		};
		760DE3091DEC8AB300D6EE15 /* iOS_Firebase_DemoTests */ = {
			isa = PBXNativeTarget;
			buildConfigurationList = 760DE3211DEC8AB300D6EE15 /* Build configuration list for PBXNativeTarget "iOS_Firebase_DemoTests" */;
			buildPhases = (
				5C78635B607B660E677B8626 /* [CP] Check Pods Manifest.lock */,
				760DE3061DEC8AB300D6EE15 /* Sources */,
				760DE3071DEC8AB300D6EE15 /* Frameworks */,
				760DE3081DEC8AB300D6EE15 /* Resources */,
				2DA2C33A66F0480B9D1200EB /* [CP] Embed Pods Frameworks */,
				7F0C762368920D119DF6C50B /* [CP] Copy Pods Resources */,
			);
			buildRules = (
			);
			dependencies = (
				760DE30C1DEC8AB300D6EE15 /* PBXTargetDependency */,
			);
			name = iOS_Firebase_DemoTests;
			productName = iOS_Firebase_DemoTests;
			productReference = 760DE30A1DEC8AB300D6EE15 /* iOS_Firebase_DemoTests.xctest */;
			productType = "com.apple.product-type.bundle.unit-test";
		};
		760DE3141DEC8AB300D6EE15 /* iOS_Firebase_DemoUITests */ = {
			isa = PBXNativeTarget;
			buildConfigurationList = 760DE3241DEC8AB300D6EE15 /* Build configuration list for PBXNativeTarget "iOS_Firebase_DemoUITests" */;
			buildPhases = (
				ED9076D4AFFBA041310E00EF /* [CP] Check Pods Manifest.lock */,
				760DE3111DEC8AB300D6EE15 /* Sources */,
				760DE3121DEC8AB300D6EE15 /* Frameworks */,
				760DE3131DEC8AB300D6EE15 /* Resources */,
				399FD7B8E07154A61F80E300 /* [CP] Embed Pods Frameworks */,
				76F285E873DCD93B1F740D24 /* [CP] Copy Pods Resources */,
			);
			buildRules = (
			);
			dependencies = (
				760DE3171DEC8AB300D6EE15 /* PBXTargetDependency */,
			);
			name = iOS_Firebase_DemoUITests;
			productName = iOS_Firebase_DemoUITests;
			productReference = 760DE3151DEC8AB300D6EE15 /* iOS_Firebase_DemoUITests.xctest */;
			productType = "com.apple.product-type.bundle.ui-testing";
		};
/* End PBXNativeTarget section */

/* Begin PBXProject section */
		760DE2EE1DEC8AB300D6EE15 /* Project object */ = {
			isa = PBXProject;
			attributes = {
				LastSwiftUpdateCheck = 0810;
				LastUpgradeCheck = 0810;
				ORGANIZATIONNAME = "Florian Gabach";
				TargetAttributes = {
					760DE2F51DEC8AB300D6EE15 = {
						CreatedOnToolsVersion = 8.1;
						ProvisioningStyle = Automatic;
					};
					760DE3091DEC8AB300D6EE15 = {
						CreatedOnToolsVersion = 8.1;
						ProvisioningStyle = Automatic;
						TestTargetID = 760DE2F51DEC8AB300D6EE15;
					};
					760DE3141DEC8AB300D6EE15 = {
						CreatedOnToolsVersion = 8.1;
						ProvisioningStyle = Automatic;
						TestTargetID = 760DE2F51DEC8AB300D6EE15;
					};
				};
			};
			buildConfigurationList = 760DE2F11DEC8AB300D6EE15 /* Build configuration list for PBXProject "iOS_Firebase_Demo" */;
			compatibilityVersion = "Xcode 3.2";
			developmentRegion = English;
			hasScannedForEncodings = 0;
			knownRegions = (
				en,
				Base,
			);
			mainGroup = 760DE2ED1DEC8AB300D6EE15;
			productRefGroup = 760DE2F71DEC8AB300D6EE15 /* Products */;
			projectDirPath = "";
			projectRoot = "";
			targets = (
				760DE2F51DEC8AB300D6EE15 /* iOS_Firebase_Demo */,
				760DE3091DEC8AB300D6EE15 /* iOS_Firebase_DemoTests */,
				760DE3141DEC8AB300D6EE15 /* iOS_Firebase_DemoUITests */,
			);
		};
/* End PBXProject section */

/* Begin PBXResourcesBuildPhase section */
		760DE2F41DEC8AB300D6EE15 /* Resources */ = {
			isa = PBXResourcesBuildPhase;
			buildActionMask = 2147483647;
			files = (
				760DE3041DEC8AB300D6EE15 /* LaunchScreen.storyboard in Resources */,
				760DE3281DEC8B0300D6EE15 /* GoogleService-Info.plist in Resources */,
				760DE3011DEC8AB300D6EE15 /* Assets.xcassets in Resources */,
				760DE2FF1DEC8AB300D6EE15 /* Main.storyboard in Resources */,
			);
			runOnlyForDeploymentPostprocessing = 0;
		};
		760DE3081DEC8AB300D6EE15 /* Resources */ = {
			isa = PBXResourcesBuildPhase;
			buildActionMask = 2147483647;
			files = (
			);
			runOnlyForDeploymentPostprocessing = 0;
		};
		760DE3131DEC8AB300D6EE15 /* Resources */ = {
			isa = PBXResourcesBuildPhase;
			buildActionMask = 2147483647;
			files = (
			);
			runOnlyForDeploymentPostprocessing = 0;
		};
/* End PBXResourcesBuildPhase section */

/* Begin PBXShellScriptBuildPhase section */
		2DA2C33A66F0480B9D1200EB /* [CP] Embed Pods Frameworks */ = {
			isa = PBXShellScriptBuildPhase;
			buildActionMask = 2147483647;
			files = (
			);
			inputPaths = (
			);
			name = "[CP] Embed Pods Frameworks";
			outputPaths = (
			);
			runOnlyForDeploymentPostprocessing = 0;
			shellPath = /bin/sh;
			shellScript = "\"${SRCROOT}/Pods/Target Support Files/Pods-iOS_Firebase_DemoTests/Pods-iOS_Firebase_DemoTests-frameworks.sh\"\n";
			showEnvVarsInLog = 0;
		};
		399FD7B8E07154A61F80E300 /* [CP] Embed Pods Frameworks */ = {
			isa = PBXShellScriptBuildPhase;
			buildActionMask = 2147483647;
			files = (
			);
			inputPaths = (
			);
			name = "[CP] Embed Pods Frameworks";
			outputPaths = (
			);
			runOnlyForDeploymentPostprocessing = 0;
			shellPath = /bin/sh;
			shellScript = "\"${SRCROOT}/Pods/Target Support Files/Pods-iOS_Firebase_DemoUITests/Pods-iOS_Firebase_DemoUITests-frameworks.sh\"\n";
			showEnvVarsInLog = 0;
		};
		4E1043472EAA44E145DC7E1C /* [CP] Embed Pods Frameworks */ = {
			isa = PBXShellScriptBuildPhase;
			buildActionMask = 2147483647;
			files = (
			);
			inputPaths = (
			);
			name = "[CP] Embed Pods Frameworks";
			outputPaths = (
			);
			runOnlyForDeploymentPostprocessing = 0;
			shellPath = /bin/sh;
			shellScript = "\"${SRCROOT}/Pods/Target Support Files/Pods-iOS_Firebase_Demo/Pods-iOS_Firebase_Demo-frameworks.sh\"\n";
			showEnvVarsInLog = 0;
		};
		5C78635B607B660E677B8626 /* [CP] Check Pods Manifest.lock */ = {
			isa = PBXShellScriptBuildPhase;
			buildActionMask = 2147483647;
			files = (
			);
			inputPaths = (
			);
			name = "[CP] Check Pods Manifest.lock";
			outputPaths = (
			);
			runOnlyForDeploymentPostprocessing = 0;
			shellPath = /bin/sh;
			shellScript = "diff \"${PODS_ROOT}/../Podfile.lock\" \"${PODS_ROOT}/Manifest.lock\" > /dev/null\nif [ $? != 0 ] ; then\n    # print error to STDERR\n    echo \"error: The sandbox is not in sync with the Podfile.lock. Run 'pod install' or update your CocoaPods installation.\" >&2\n    exit 1\nfi\n";
			showEnvVarsInLog = 0;
		};
		66C6A0C9B9F0150AECFC0643 /* [CP] Check Pods Manifest.lock */ = {
			isa = PBXShellScriptBuildPhase;
			buildActionMask = 2147483647;
			files = (
			);
			inputPaths = (
			);
			name = "[CP] Check Pods Manifest.lock";
			outputPaths = (
			);
			runOnlyForDeploymentPostprocessing = 0;
			shellPath = /bin/sh;
			shellScript = "diff \"${PODS_ROOT}/../Podfile.lock\" \"${PODS_ROOT}/Manifest.lock\" > /dev/null\nif [ $? != 0 ] ; then\n    # print error to STDERR\n    echo \"error: The sandbox is not in sync with the Podfile.lock. Run 'pod install' or update your CocoaPods installation.\" >&2\n    exit 1\nfi\n";
			showEnvVarsInLog = 0;
		};
		76F285E873DCD93B1F740D24 /* [CP] Copy Pods Resources */ = {
			isa = PBXShellScriptBuildPhase;
			buildActionMask = 2147483647;
			files = (
			);
			inputPaths = (
			);
			name = "[CP] Copy Pods Resources";
			outputPaths = (
			);
			runOnlyForDeploymentPostprocessing = 0;
			shellPath = /bin/sh;
			shellScript = "\"${SRCROOT}/Pods/Target Support Files/Pods-iOS_Firebase_DemoUITests/Pods-iOS_Firebase_DemoUITests-resources.sh\"\n";
			showEnvVarsInLog = 0;
		};
		7F0C762368920D119DF6C50B /* [CP] Copy Pods Resources */ = {
			isa = PBXShellScriptBuildPhase;
			buildActionMask = 2147483647;
			files = (
			);
			inputPaths = (
			);
			name = "[CP] Copy Pods Resources";
			outputPaths = (
			);
			runOnlyForDeploymentPostprocessing = 0;
			shellPath = /bin/sh;
			shellScript = "\"${SRCROOT}/Pods/Target Support Files/Pods-iOS_Firebase_DemoTests/Pods-iOS_Firebase_DemoTests-resources.sh\"\n";
			showEnvVarsInLog = 0;
		};
		B793E391BC41D3F8A512D457 /* [CP] Copy Pods Resources */ = {
			isa = PBXShellScriptBuildPhase;
			buildActionMask = 2147483647;
			files = (
			);
			inputPaths = (
			);
			name = "[CP] Copy Pods Resources";
			outputPaths = (
			);
			runOnlyForDeploymentPostprocessing = 0;
			shellPath = /bin/sh;
			shellScript = "\"${SRCROOT}/Pods/Target Support Files/Pods-iOS_Firebase_Demo/Pods-iOS_Firebase_Demo-resources.sh\"\n";
			showEnvVarsInLog = 0;
		};
		ED9076D4AFFBA041310E00EF /* [CP] Check Pods Manifest.lock */ = {
			isa = PBXShellScriptBuildPhase;
			buildActionMask = 2147483647;
			files = (
			);
			inputPaths = (
			);
			name = "[CP] Check Pods Manifest.lock";
			outputPaths = (
			);
			runOnlyForDeploymentPostprocessing = 0;
			shellPath = /bin/sh;
			shellScript = "diff \"${PODS_ROOT}/../Podfile.lock\" \"${PODS_ROOT}/Manifest.lock\" > /dev/null\nif [ $? != 0 ] ; then\n    # print error to STDERR\n    echo \"error: The sandbox is not in sync with the Podfile.lock. Run 'pod install' or update your CocoaPods installation.\" >&2\n    exit 1\nfi\n";
			showEnvVarsInLog = 0;
		};
/* End PBXShellScriptBuildPhase section */

/* Begin PBXSourcesBuildPhase section */
		760DE2F21DEC8AB300D6EE15 /* Sources */ = {
			isa = PBXSourcesBuildPhase;
			buildActionMask = 2147483647;
			files = (
				760DE2FC1DEC8AB300D6EE15 /* ViewController.swift in Sources */,
				760DE2FA1DEC8AB300D6EE15 /* AppDelegate.swift in Sources */,
			);
			runOnlyForDeploymentPostprocessing = 0;
		};
		760DE3061DEC8AB300D6EE15 /* Sources */ = {
			isa = PBXSourcesBuildPhase;
			buildActionMask = 2147483647;
			files = (
				760DE30F1DEC8AB300D6EE15 /* iOS_Firebase_DemoTests.swift in Sources */,
			);
			runOnlyForDeploymentPostprocessing = 0;
		};
		760DE3111DEC8AB300D6EE15 /* Sources */ = {
			isa = PBXSourcesBuildPhase;
			buildActionMask = 2147483647;
			files = (
				760DE31A1DEC8AB300D6EE15 /* iOS_Firebase_DemoUITests.swift in Sources */,
			);
			runOnlyForDeploymentPostprocessing = 0;
		};
/* End PBXSourcesBuildPhase section */

/* Begin PBXTargetDependency section */
		760DE30C1DEC8AB300D6EE15 /* PBXTargetDependency */ = {
			isa = PBXTargetDependency;
			target = 760DE2F51DEC8AB300D6EE15 /* iOS_Firebase_Demo */;
			targetProxy = 760DE30B1DEC8AB300D6EE15 /* PBXContainerItemProxy */;
		};
		760DE3171DEC8AB300D6EE15 /* PBXTargetDependency */ = {
			isa = PBXTargetDependency;
			target = 760DE2F51DEC8AB300D6EE15 /* iOS_Firebase_Demo */;
			targetProxy = 760DE3161DEC8AB300D6EE15 /* PBXContainerItemProxy */;
		};
/* End PBXTargetDependency section */

/* Begin PBXVariantGroup section */
		760DE2FD1DEC8AB300D6EE15 /* Main.storyboard */ = {
			isa = PBXVariantGroup;
			children = (
				760DE2FE1DEC8AB300D6EE15 /* Base */,
			);
			name = Main.storyboard;
			sourceTree = "<group>";
		};
		760DE3021DEC8AB300D6EE15 /* LaunchScreen.storyboard */ = {
			isa = PBXVariantGroup;
			children = (
				760DE3031DEC8AB300D6EE15 /* Base */,
			);
			name = LaunchScreen.storyboard;
			sourceTree = "<group>";
		};
/* End PBXVariantGroup section */

/* Begin XCBuildConfiguration section */
		760DE31C1DEC8AB300D6EE15 /* Debug */ = {
			isa = XCBuildConfiguration;
			buildSettings = {
				ALWAYS_SEARCH_USER_PATHS = NO;
				CLANG_ANALYZER_NONNULL = YES;
				CLANG_CXX_LANGUAGE_STANDARD = "gnu++0x";
				CLANG_CXX_LIBRARY = "libc++";
				CLANG_ENABLE_MODULES = YES;
				CLANG_ENABLE_OBJC_ARC = YES;
				CLANG_WARN_BOOL_CONVERSION = YES;
				CLANG_WARN_CONSTANT_CONVERSION = YES;
				CLANG_WARN_DIRECT_OBJC_ISA_USAGE = YES_ERROR;
				CLANG_WARN_DOCUMENTATION_COMMENTS = YES;
				CLANG_WARN_EMPTY_BODY = YES;
				CLANG_WARN_ENUM_CONVERSION = YES;
				CLANG_WARN_INFINITE_RECURSION = YES;
				CLANG_WARN_INT_CONVERSION = YES;
				CLANG_WARN_OBJC_ROOT_CLASS = YES_ERROR;
				CLANG_WARN_SUSPICIOUS_MOVES = YES;
				CLANG_WARN_UNREACHABLE_CODE = YES;
				CLANG_WARN__DUPLICATE_METHOD_MATCH = YES;
				"CODE_SIGN_IDENTITY[sdk=iphoneos*]" = "iPhone Developer";
				COPY_PHASE_STRIP = NO;
				DEBUG_INFORMATION_FORMAT = dwarf;
				ENABLE_STRICT_OBJC_MSGSEND = YES;
				ENABLE_TESTABILITY = YES;
				GCC_C_LANGUAGE_STANDARD = gnu99;
				GCC_DYNAMIC_NO_PIC = NO;
				GCC_NO_COMMON_BLOCKS = YES;
				GCC_OPTIMIZATION_LEVEL = 0;
				GCC_PREPROCESSOR_DEFINITIONS = (
					"DEBUG=1",
					"$(inherited)",
				);
				GCC_WARN_64_TO_32_BIT_CONVERSION = YES;
				GCC_WARN_ABOUT_RETURN_TYPE = YES_ERROR;
				GCC_WARN_UNDECLARED_SELECTOR = YES;
				GCC_WARN_UNINITIALIZED_AUTOS = YES_AGGRESSIVE;
				GCC_WARN_UNUSED_FUNCTION = YES;
				GCC_WARN_UNUSED_VARIABLE = YES;
				IPHONEOS_DEPLOYMENT_TARGET = 10.1;
				MTL_ENABLE_DEBUG_INFO = YES;
				ONLY_ACTIVE_ARCH = YES;
				SDKROOT = iphoneos;
				SWIFT_ACTIVE_COMPILATION_CONDITIONS = DEBUG;
				SWIFT_OPTIMIZATION_LEVEL = "-Onone";
				TARGETED_DEVICE_FAMILY = "1,2";
			};
			name = Debug;
		};
		760DE31D1DEC8AB300D6EE15 /* Release */ = {
			isa = XCBuildConfiguration;
			buildSettings = {
				ALWAYS_SEARCH_USER_PATHS = NO;
				CLANG_ANALYZER_NONNULL = YES;
				CLANG_CXX_LANGUAGE_STANDARD = "gnu++0x";
				CLANG_CXX_LIBRARY = "libc++";
				CLANG_ENABLE_MODULES = YES;
				CLANG_ENABLE_OBJC_ARC = YES;
				CLANG_WARN_BOOL_CONVERSION = YES;
				CLANG_WARN_CONSTANT_CONVERSION = YES;
				CLANG_WARN_DIRECT_OBJC_ISA_USAGE = YES_ERROR;
				CLANG_WARN_DOCUMENTATION_COMMENTS = YES;
				CLANG_WARN_EMPTY_BODY = YES;
				CLANG_WARN_ENUM_CONVERSION = YES;
				CLANG_WARN_INFINITE_RECURSION = YES;
				CLANG_WARN_INT_CONVERSION = YES;
				CLANG_WARN_OBJC_ROOT_CLASS = YES_ERROR;
				CLANG_WARN_SUSPICIOUS_MOVES = YES;
				CLANG_WARN_UNREACHABLE_CODE = YES;
				CLANG_WARN__DUPLICATE_METHOD_MATCH = YES;
				"CODE_SIGN_IDENTITY[sdk=iphoneos*]" = "iPhone Developer";
				COPY_PHASE_STRIP = NO;
				DEBUG_INFORMATION_FORMAT = "dwarf-with-dsym";
				ENABLE_NS_ASSERTIONS = NO;
				ENABLE_STRICT_OBJC_MSGSEND = YES;
				GCC_C_LANGUAGE_STANDARD = gnu99;
				GCC_NO_COMMON_BLOCKS = YES;
				GCC_WARN_64_TO_32_BIT_CONVERSION = YES;
				GCC_WARN_ABOUT_RETURN_TYPE = YES_ERROR;
				GCC_WARN_UNDECLARED_SELECTOR = YES;
				GCC_WARN_UNINITIALIZED_AUTOS = YES_AGGRESSIVE;
				GCC_WARN_UNUSED_FUNCTION = YES;
				GCC_WARN_UNUSED_VARIABLE = YES;
				IPHONEOS_DEPLOYMENT_TARGET = 10.1;
				MTL_ENABLE_DEBUG_INFO = NO;
				SDKROOT = iphoneos;
				SWIFT_OPTIMIZATION_LEVEL = "-Owholemodule";
				TARGETED_DEVICE_FAMILY = "1,2";
				VALIDATE_PRODUCT = YES;
			};
			name = Release;
		};
		760DE31F1DEC8AB300D6EE15 /* Debug */ = {
			isa = XCBuildConfiguration;
			baseConfigurationReference = 57C7AC481EC49964429A430A /* Pods-iOS_Firebase_Demo.debug.xcconfig */;
			buildSettings = {
				ASSETCATALOG_COMPILER_APPICON_NAME = AppIcon;
				INFOPLIST_FILE = iOS_Firebase_Demo/Info.plist;
				LD_RUNPATH_SEARCH_PATHS = "$(inherited) @executable_path/Frameworks";
				PRODUCT_BUNDLE_IDENTIFIER = "com.fg.iOS-Firebase-Demo";
				PRODUCT_NAME = "$(TARGET_NAME)";
				SWIFT_VERSION = 3.0;
			};
			name = Debug;
		};
		760DE3201DEC8AB300D6EE15 /* Release */ = {
			isa = XCBuildConfiguration;
			baseConfigurationReference = D2CEF80CAE13371CF2F87ABB /* Pods-iOS_Firebase_Demo.release.xcconfig */;
			buildSettings = {
				ASSETCATALOG_COMPILER_APPICON_NAME = AppIcon;
				INFOPLIST_FILE = iOS_Firebase_Demo/Info.plist;
				LD_RUNPATH_SEARCH_PATHS = "$(inherited) @executable_path/Frameworks";
				PRODUCT_BUNDLE_IDENTIFIER = "com.fg.iOS-Firebase-Demo";
				PRODUCT_NAME = "$(TARGET_NAME)";
				SWIFT_VERSION = 3.0;
			};
			name = Release;
		};
		760DE3221DEC8AB300D6EE15 /* Debug */ = {
			isa = XCBuildConfiguration;
			baseConfigurationReference = 20757D1D2F66E85F0DFF4445 /* Pods-iOS_Firebase_DemoTests.debug.xcconfig */;
			buildSettings = {
				ALWAYS_EMBED_SWIFT_STANDARD_LIBRARIES = YES;
				BUNDLE_LOADER = "$(TEST_HOST)";
				INFOPLIST_FILE = iOS_Firebase_DemoTests/Info.plist;
				LD_RUNPATH_SEARCH_PATHS = "$(inherited) @executable_path/Frameworks @loader_path/Frameworks";
				PRODUCT_BUNDLE_IDENTIFIER = "com.fg.iOS-Firebase-DemoTests";
				PRODUCT_NAME = "$(TARGET_NAME)";
				SWIFT_VERSION = 3.0;
				TEST_HOST = "$(BUILT_PRODUCTS_DIR)/iOS_Firebase_Demo.app/iOS_Firebase_Demo";
			};
			name = Debug;
		};
		760DE3231DEC8AB300D6EE15 /* Release */ = {
			isa = XCBuildConfiguration;
			baseConfigurationReference = D2AA08546D1C615525E488E4 /* Pods-iOS_Firebase_DemoTests.release.xcconfig */;
			buildSettings = {
				ALWAYS_EMBED_SWIFT_STANDARD_LIBRARIES = YES;
				BUNDLE_LOADER = "$(TEST_HOST)";
				INFOPLIST_FILE = iOS_Firebase_DemoTests/Info.plist;
				LD_RUNPATH_SEARCH_PATHS = "$(inherited) @executable_path/Frameworks @loader_path/Frameworks";
				PRODUCT_BUNDLE_IDENTIFIER = "com.fg.iOS-Firebase-DemoTests";
				PRODUCT_NAME = "$(TARGET_NAME)";
				SWIFT_VERSION = 3.0;
				TEST_HOST = "$(BUILT_PRODUCTS_DIR)/iOS_Firebase_Demo.app/iOS_Firebase_Demo";
			};
			name = Release;
		};
		760DE3251DEC8AB300D6EE15 /* Debug */ = {
			isa = XCBuildConfiguration;
			baseConfigurationReference = A60D1B24467CE52E4D9F31E0 /* Pods-iOS_Firebase_DemoUITests.debug.xcconfig */;
			buildSettings = {
				ALWAYS_EMBED_SWIFT_STANDARD_LIBRARIES = YES;
				INFOPLIST_FILE = iOS_Firebase_DemoUITests/Info.plist;
				LD_RUNPATH_SEARCH_PATHS = "$(inherited) @executable_path/Frameworks @loader_path/Frameworks";
				PRODUCT_BUNDLE_IDENTIFIER = "com.fg.iOS-Firebase-DemoUITests";
				PRODUCT_NAME = "$(TARGET_NAME)";
				SWIFT_VERSION = 3.0;
				TEST_TARGET_NAME = iOS_Firebase_Demo;
			};
			name = Debug;
		};
		760DE3261DEC8AB300D6EE15 /* Release */ = {
			isa = XCBuildConfiguration;
			baseConfigurationReference = 98847241D7B177BC285046B1 /* Pods-iOS_Firebase_DemoUITests.release.xcconfig */;
			buildSettings = {
				ALWAYS_EMBED_SWIFT_STANDARD_LIBRARIES = YES;
				INFOPLIST_FILE = iOS_Firebase_DemoUITests/Info.plist;
				LD_RUNPATH_SEARCH_PATHS = "$(inherited) @executable_path/Frameworks @loader_path/Frameworks";
				PRODUCT_BUNDLE_IDENTIFIER = "com.fg.iOS-Firebase-DemoUITests";
				PRODUCT_NAME = "$(TARGET_NAME)";
				SWIFT_VERSION = 3.0;
				TEST_TARGET_NAME = iOS_Firebase_Demo;
			};
			name = Release;
		};
/* End XCBuildConfiguration section */

/* Begin XCConfigurationList section */
		760DE2F11DEC8AB300D6EE15 /* Build configuration list for PBXProject "iOS_Firebase_Demo" */ = {
			isa = XCConfigurationList;
			buildConfigurations = (
				760DE31C1DEC8AB300D6EE15 /* Debug */,
				760DE31D1DEC8AB300D6EE15 /* Release */,
			);
			defaultConfigurationIsVisible = 0;
			defaultConfigurationName = Release;
		};
		760DE31E1DEC8AB300D6EE15 /* Build configuration list for PBXNativeTarget "iOS_Firebase_Demo" */ = {
			isa = XCConfigurationList;
			buildConfigurations = (
				760DE31F1DEC8AB300D6EE15 /* Debug */,
				760DE3201DEC8AB300D6EE15 /* Release */,
			);
			defaultConfigurationIsVisible = 0;
			defaultConfigurationName = Release;
		};
		760DE3211DEC8AB300D6EE15 /* Build configuration list for PBXNativeTarget "iOS_Firebase_DemoTests" */ = {
			isa = XCConfigurationList;
			buildConfigurations = (
				760DE3221DEC8AB300D6EE15 /* Debug */,
				760DE3231DEC8AB300D6EE15 /* Release */,
			);
			defaultConfigurationIsVisible = 0;
			defaultConfigurationName = Release;
		};
		760DE3241DEC8AB300D6EE15 /* Build configuration list for PBXNativeTarget "iOS_Firebase_DemoUITests" */ = {
			isa = XCConfigurationList;
			buildConfigurations = (
				760DE3251DEC8AB300D6EE15 /* Debug */,
				760DE3261DEC8AB300D6EE15 /* Release */,
			);
			defaultConfigurationIsVisible = 0;
			defaultConfigurationName = Release;
		};
/* End XCConfigurationList section */
	};
	rootObject = 760DE2EE1DEC8AB300D6EE15 /* Project object */;
}
