// !$*UTF8*$!
{
	archiveVersion = 1;
	classes = {
	};
	objectVersion = 52;
	objects = {

/* Begin PBXBuildFile section */
		760DE2FA1DEC8AB300D6EE15 /* AppDelegate.swift in Sources */ = {isa = PBXBuildFile; fileRef = 760DE2F91DEC8AB300D6EE15 /* AppDelegate.swift */; };
		760DE2FF1DEC8AB300D6EE15 /* Main.storyboard in Resources */ = {isa = PBXBuildFile; fileRef = 760DE2FD1DEC8AB300D6EE15 /* Main.storyboard */; };
		760DE3011DEC8AB300D6EE15 /* Assets.xcassets in Resources */ = {isa = PBXBuildFile; fileRef = 760DE3001DEC8AB300D6EE15 /* Assets.xcassets */; };
		760DE3041DEC8AB300D6EE15 /* LaunchScreen.storyboard in Resources */ = {isa = PBXBuildFile; fileRef = 760DE3021DEC8AB300D6EE15 /* LaunchScreen.storyboard */; };
		760DE3281DEC8B0300D6EE15 /* GoogleService-Info.plist in Resources */ = {isa = PBXBuildFile; fileRef = 760DE3271DEC8B0300D6EE15 /* GoogleService-Info.plist */; };
		76129BB11DF2079700AD56CC /* DataExempleTableViewController.swift in Sources */ = {isa = PBXBuildFile; fileRef = 76129BB01DF2079700AD56CC /* DataExempleTableViewController.swift */; };
		7632F7FF2545643100C05962 /* BuildFile in Frameworks */ = {isa = PBXBuildFile; productRef = 7632F7FE2545643100C05962 /* SwiftPackageProductDependency */; };
/* End PBXBuildFile section */

/* Begin PBXFileReference section */
		760DE2F61DEC8AB300D6EE15 /* iOS_Firebase_Demo.app */ = {isa = PBXFileReference; explicitFileType = wrapper.application; includeInIndex = 0; path = iOS_Firebase_Demo.app; sourceTree = BUILT_PRODUCTS_DIR; };
		760DE2F91DEC8AB300D6EE15 /* AppDelegate.swift */ = {isa = PBXFileReference; lastKnownFileType = sourcecode.swift; path = AppDelegate.swift; sourceTree = "<group>"; };
		760DE2FE1DEC8AB300D6EE15 /* Base */ = {isa = PBXFileReference; lastKnownFileType = file.storyboard; name = Base; path = Base.lproj/Main.storyboard; sourceTree = "<group>"; };
		760DE3001DEC8AB300D6EE15 /* Assets.xcassets */ = {isa = PBXFileReference; lastKnownFileType = folder.assetcatalog; path = Assets.xcassets; sourceTree = "<group>"; };
		760DE3031DEC8AB300D6EE15 /* Base */ = {isa = PBXFileReference; lastKnownFileType = file.storyboard; name = Base; path = Base.lproj/LaunchScreen.storyboard; sourceTree = "<group>"; };
		760DE3051DEC8AB300D6EE15 /* Info.plist */ = {isa = PBXFileReference; lastKnownFileType = text.plist.xml; path = Info.plist; sourceTree = "<group>"; };
		760DE3271DEC8B0300D6EE15 /* GoogleService-Info.plist */ = {isa = PBXFileReference; fileEncoding = 4; lastKnownFileType = text.plist.xml; path = "GoogleService-Info.plist"; sourceTree = "<group>"; };
		76129BB01DF2079700AD56CC /* DataExempleTableViewController.swift */ = {isa = PBXFileReference; fileEncoding = 4; lastKnownFileType = sourcecode.swift; path = DataExempleTableViewController.swift; sourceTree = "<group>"; };
/* End PBXFileReference section */

/* Begin PBXFrameworksBuildPhase section */
		760DE2F31DEC8AB300D6EE15 /* Frameworks */ = {
			isa = PBXFrameworksBuildPhase;
			buildActionMask = 2147483647;
			files = (
				7632F7FF2545643100C05962 /* BuildFile in Frameworks */,
			);
			runOnlyForDeploymentPostprocessing = 0;
		};
/* End PBXFrameworksBuildPhase section */

/* Begin PBXGroup section */
		760DE2ED1DEC8AB300D6EE15 = {
			isa = PBXGroup;
			children = (
				760DE2F81DEC8AB300D6EE15 /* iOS_Firebase_Demo */,
				760DE2F71DEC8AB300D6EE15 /* Products */,
			);
			sourceTree = "<group>";
		};
		760DE2F71DEC8AB300D6EE15 /* Products */ = {
			isa = PBXGroup;
			children = (
				760DE2F61DEC8AB300D6EE15 /* iOS_Firebase_Demo.app */,
			);
			name = Products;
			sourceTree = "<group>";
		};
		760DE2F81DEC8AB300D6EE15 /* iOS_Firebase_Demo */ = {
			isa = PBXGroup;
			children = (
				760DE2F91DEC8AB300D6EE15 /* AppDelegate.swift */,
				76129BB01DF2079700AD56CC /* DataExempleTableViewController.swift */,
				760DE2FD1DEC8AB300D6EE15 /* Main.storyboard */,
				760DE3021DEC8AB300D6EE15 /* LaunchScreen.storyboard */,
				760DE3051DEC8AB300D6EE15 /* Info.plist */,
				760DE3001DEC8AB300D6EE15 /* Assets.xcassets */,
				760DE3271DEC8B0300D6EE15 /* GoogleService-Info.plist */,
			);
			path = iOS_Firebase_Demo;
			sourceTree = "<group>";
		};
/* End PBXGroup section */

/* Begin PBXNativeTarget section */
		760DE2F51DEC8AB300D6EE15 /* iOS_Firebase_Demo */ = {
			isa = PBXNativeTarget;
			buildConfigurationList = 760DE31E1DEC8AB300D6EE15 /* Build configuration list for PBXNativeTarget "iOS_Firebase_Demo" */;
			buildPhases = (
				760DE2F21DEC8AB300D6EE15 /* Sources */,
				760DE2F31DEC8AB300D6EE15 /* Frameworks */,
				760DE2F41DEC8AB300D6EE15 /* Resources */,
			);
			buildRules = (
			);
			dependencies = (
			);
			name = iOS_Firebase_Demo;
			packageProductDependencies = (
				7632F7FE2545643100C05962 /* SwiftPackageProductDependency */,
			);
			productName = iOS_Firebase_Demo;
			productReference = 760DE2F61DEC8AB300D6EE15 /* iOS_Firebase_Demo.app */;
			productType = "com.apple.product-type.application";
		};
/* End PBXNativeTarget section */

/* Begin PBXProject section */
		760DE2EE1DEC8AB300D6EE15 /* Project object */ = {
			isa = PBXProject;
			attributes = {
				LastSwiftUpdateCheck = 0810;
				LastUpgradeCheck = 1210;
				ORGANIZATIONNAME = "Florian Gabach";
				TargetAttributes = {
					760DE2F51DEC8AB300D6EE15 = {
						CreatedOnToolsVersion = 8.1;
						DevelopmentTeam = XEHEC9B46E;
						LastSwiftMigration = 1030;
						ProvisioningStyle = Automatic;
					};
				};
			};
			buildConfigurationList = 760DE2F11DEC8AB300D6EE15 /* Build configuration list for PBXProject "iOS_Firebase_Demo" */;
			compatibilityVersion = "Xcode 3.2";
			developmentRegion = en;
			hasScannedForEncodings = 0;
			knownRegions = (
				en,
				Base,
			);
			mainGroup = 760DE2ED1DEC8AB300D6EE15;
			packageReferences = (
				7632F7FD2545643100C05962 /* RemoteSwiftPackageReference */,
			);
			productRefGroup = 760DE2F71DEC8AB300D6EE15 /* Products */;
			projectDirPath = "";
			projectRoot = "";
			targets = (
				760DE2F51DEC8AB300D6EE15 /* iOS_Firebase_Demo */,
			);
		};
/* End PBXProject section */

/* Begin PBXResourcesBuildPhase section */
		760DE2F41DEC8AB300D6EE15 /* Resources */ = {
			isa = PBXResourcesBuildPhase;
			buildActionMask = 2147483647;
			files = (
				760DE3041DEC8AB300D6EE15 /* LaunchScreen.storyboard in Resources */,
				760DE3281DEC8B0300D6EE15 /* GoogleService-Info.plist in Resources */,
				760DE3011DEC8AB300D6EE15 /* Assets.xcassets in Resources */,
				760DE2FF1DEC8AB300D6EE15 /* Main.storyboard in Resources */,
			);
			runOnlyForDeploymentPostprocessing = 0;
		};
/* End PBXResourcesBuildPhase section */

/* Begin PBXSourcesBuildPhase section */
		760DE2F21DEC8AB300D6EE15 /* Sources */ = {
			isa = PBXSourcesBuildPhase;
			buildActionMask = 2147483647;
			files = (
				76129BB11DF2079700AD56CC /* DataExempleTableViewController.swift in Sources */,
				760DE2FA1DEC8AB300D6EE15 /* AppDelegate.swift in Sources */,
			);
			runOnlyForDeploymentPostprocessing = 0;
		};
/* End PBXSourcesBuildPhase section */

/* Begin PBXVariantGroup section */
		760DE2FD1DEC8AB300D6EE15 /* Main.storyboard */ = {
			isa = PBXVariantGroup;
			children = (
				760DE2FE1DEC8AB300D6EE15 /* Base */,
			);
			name = Main.storyboard;
			sourceTree = "<group>";
		};
		760DE3021DEC8AB300D6EE15 /* LaunchScreen.storyboard */ = {
			isa = PBXVariantGroup;
			children = (
				760DE3031DEC8AB300D6EE15 /* Base */,
			);
			name = LaunchScreen.storyboard;
			sourceTree = "<group>";
		};
/* End PBXVariantGroup section */

/* Begin XCBuildConfiguration section */
		760DE31C1DEC8AB300D6EE15 /* Debug */ = {
			isa = XCBuildConfiguration;
			buildSettings = {
				ALWAYS_SEARCH_USER_PATHS = NO;
				CLANG_ANALYZER_LOCALIZABILITY_NONLOCALIZED = YES;
				CLANG_ANALYZER_NONNULL = YES;
				CLANG_CXX_LANGUAGE_STANDARD = "gnu++0x";
				CLANG_CXX_LIBRARY = "libc++";
				CLANG_ENABLE_MODULES = YES;
				CLANG_ENABLE_OBJC_ARC = YES;
				CLANG_WARN_BLOCK_CAPTURE_AUTORELEASING = YES;
				CLANG_WARN_BOOL_CONVERSION = YES;
				CLANG_WARN_COMMA = YES;
				CLANG_WARN_CONSTANT_CONVERSION = YES;
				CLANG_WARN_DEPRECATED_OBJC_IMPLEMENTATIONS = YES;
				CLANG_WARN_DIRECT_OBJC_ISA_USAGE = YES_ERROR;
				CLANG_WARN_DOCUMENTATION_COMMENTS = YES;
				CLANG_WARN_EMPTY_BODY = YES;
				CLANG_WARN_ENUM_CONVERSION = YES;
				CLANG_WARN_INFINITE_RECURSION = YES;
				CLANG_WARN_INT_CONVERSION = YES;
				CLANG_WARN_NON_LITERAL_NULL_CONVERSION = YES;
				CLANG_WARN_OBJC_IMPLICIT_RETAIN_SELF = YES;
				CLANG_WARN_OBJC_LITERAL_CONVERSION = YES;
				CLANG_WARN_OBJC_ROOT_CLASS = YES_ERROR;
				CLANG_WARN_QUOTED_INCLUDE_IN_FRAMEWORK_HEADER = YES;
				CLANG_WARN_RANGE_LOOP_ANALYSIS = YES;
				CLANG_WARN_STRICT_PROTOTYPES = YES;
				CLANG_WARN_SUSPICIOUS_MOVE = YES;
				CLANG_WARN_SUSPICIOUS_MOVES = YES;
				CLANG_WARN_UNREACHABLE_CODE = YES;
				CLANG_WARN__DUPLICATE_METHOD_MATCH = YES;
				"CODE_SIGN_IDENTITY[sdk=iphoneos*]" = "iPhone Developer";
				COPY_PHASE_STRIP = NO;
				DEBUG_INFORMATION_FORMAT = dwarf;
				ENABLE_STRICT_OBJC_MSGSEND = YES;
				ENABLE_TESTABILITY = YES;
				GCC_C_LANGUAGE_STANDARD = gnu99;
				GCC_DYNAMIC_NO_PIC = NO;
				GCC_NO_COMMON_BLOCKS = YES;
				GCC_OPTIMIZATION_LEVEL = 0;
				GCC_PREPROCESSOR_DEFINITIONS = (
					"DEBUG=1",
					"$(inherited)",
				);
				GCC_WARN_64_TO_32_BIT_CONVERSION = YES;
				GCC_WARN_ABOUT_RETURN_TYPE = YES_ERROR;
				GCC_WARN_UNDECLARED_SELECTOR = YES;
				GCC_WARN_UNINITIALIZED_AUTOS = YES_AGGRESSIVE;
				GCC_WARN_UNUSED_FUNCTION = YES;
				GCC_WARN_UNUSED_VARIABLE = YES;
				IPHONEOS_DEPLOYMENT_TARGET = 13.0;
				MTL_ENABLE_DEBUG_INFO = YES;
				ONLY_ACTIVE_ARCH = YES;
				SDKROOT = iphoneos;
				SWIFT_ACTIVE_COMPILATION_CONDITIONS = DEBUG;
				SWIFT_OPTIMIZATION_LEVEL = "-Onone";
				SWIFT_SWIFT3_OBJC_INFERENCE = Off;
				TARGETED_DEVICE_FAMILY = "1,2";
			};
			name = Debug;
		};
		760DE31D1DEC8AB300D6EE15 /* Release */ = {
			isa = XCBuildConfiguration;
			buildSettings = {
				ALWAYS_SEARCH_USER_PATHS = NO;
				CLANG_ANALYZER_LOCALIZABILITY_NONLOCALIZED = YES;
				CLANG_ANALYZER_NONNULL = YES;
				CLANG_CXX_LANGUAGE_STANDARD = "gnu++0x";
				CLANG_CXX_LIBRARY = "libc++";
				CLANG_ENABLE_MODULES = YES;
				CLANG_ENABLE_OBJC_ARC = YES;
				CLANG_WARN_BLOCK_CAPTURE_AUTORELEASING = YES;
				CLANG_WARN_BOOL_CONVERSION = YES;
				CLANG_WARN_COMMA = YES;
				CLANG_WARN_CONSTANT_CONVERSION = YES;
				CLANG_WARN_DEPRECATED_OBJC_IMPLEMENTATIONS = YES;
				CLANG_WARN_DIRECT_OBJC_ISA_USAGE = YES_ERROR;
				CLANG_WARN_DOCUMENTATION_COMMENTS = YES;
				CLANG_WARN_EMPTY_BODY = YES;
				CLANG_WARN_ENUM_CONVERSION = YES;
				CLANG_WARN_INFINITE_RECURSION = YES;
				CLANG_WARN_INT_CONVERSION = YES;
				CLANG_WARN_NON_LITERAL_NULL_CONVERSION = YES;
				CLANG_WARN_OBJC_IMPLICIT_RETAIN_SELF = YES;
				CLANG_WARN_OBJC_LITERAL_CONVERSION = YES;
				CLANG_WARN_OBJC_ROOT_CLASS = YES_ERROR;
				CLANG_WARN_QUOTED_INCLUDE_IN_FRAMEWORK_HEADER = YES;
				CLANG_WARN_RANGE_LOOP_ANALYSIS = YES;
				CLANG_WARN_STRICT_PROTOTYPES = YES;
				CLANG_WARN_SUSPICIOUS_MOVE = YES;
				CLANG_WARN_SUSPICIOUS_MOVES = YES;
				CLANG_WARN_UNREACHABLE_CODE = YES;
				CLANG_WARN__DUPLICATE_METHOD_MATCH = YES;
				"CODE_SIGN_IDENTITY[sdk=iphoneos*]" = "iPhone Developer";
				COPY_PHASE_STRIP = NO;
				DEBUG_INFORMATION_FORMAT = "dwarf-with-dsym";
				ENABLE_NS_ASSERTIONS = NO;
				ENABLE_STRICT_OBJC_MSGSEND = YES;
				GCC_C_LANGUAGE_STANDARD = gnu99;
				GCC_NO_COMMON_BLOCKS = YES;
				GCC_WARN_64_TO_32_BIT_CONVERSION = YES;
				GCC_WARN_ABOUT_RETURN_TYPE = YES_ERROR;
				GCC_WARN_UNDECLARED_SELECTOR = YES;
				GCC_WARN_UNINITIALIZED_AUTOS = YES_AGGRESSIVE;
				GCC_WARN_UNUSED_FUNCTION = YES;
				GCC_WARN_UNUSED_VARIABLE = YES;
				IPHONEOS_DEPLOYMENT_TARGET = 13.0;
				MTL_ENABLE_DEBUG_INFO = NO;
				SDKROOT = iphoneos;
				SWIFT_COMPILATION_MODE = wholemodule;
				SWIFT_OPTIMIZATION_LEVEL = "-O";
				SWIFT_SWIFT3_OBJC_INFERENCE = Off;
				TARGETED_DEVICE_FAMILY = "1,2";
				VALIDATE_PRODUCT = YES;
			};
			name = Release;
		};
		760DE31F1DEC8AB300D6EE15 /* Debug */ = {
			isa = XCBuildConfiguration;
			buildSettings = {
				ASSETCATALOG_COMPILER_APPICON_NAME = AppIcon;
				DEVELOPMENT_TEAM = XEHEC9B46E;
				INFOPLIST_FILE = iOS_Firebase_Demo/Info.plist;
				LD_RUNPATH_SEARCH_PATHS = (
					"$(inherited)",
					"@executable_path/Frameworks",
				);
				PRODUCT_BUNDLE_IDENTIFIER = "com.fg.iOS-Firebase-Demo";
				PRODUCT_NAME = "$(TARGET_NAME)";
				SWIFT_VERSION = 5.0;
			};
			name = Debug;
		};
		760DE3201DEC8AB300D6EE15 /* Release */ = {
			isa = XCBuildConfiguration;
			buildSettings = {
				ASSETCATALOG_COMPILER_APPICON_NAME = AppIcon;
				DEVELOPMENT_TEAM = XEHEC9B46E;
				INFOPLIST_FILE = iOS_Firebase_Demo/Info.plist;
				LD_RUNPATH_SEARCH_PATHS = (
					"$(inherited)",
					"@executable_path/Frameworks",
				);
				PRODUCT_BUNDLE_IDENTIFIER = "com.fg.iOS-Firebase-Demo";
				PRODUCT_NAME = "$(TARGET_NAME)";
				SWIFT_VERSION = 5.0;
			};
			name = Release;
		};
/* End XCBuildConfiguration section */

/* Begin XCConfigurationList section */
		760DE2F11DEC8AB300D6EE15 /* Build configuration list for PBXProject "iOS_Firebase_Demo" */ = {
			isa = XCConfigurationList;
			buildConfigurations = (
				760DE31C1DEC8AB300D6EE15 /* Debug */,
				760DE31D1DEC8AB300D6EE15 /* Release */,
			);
			defaultConfigurationIsVisible = 0;
			defaultConfigurationName = Release;
		};
		760DE31E1DEC8AB300D6EE15 /* Build configuration list for PBXNativeTarget "iOS_Firebase_Demo" */ = {
			isa = XCConfigurationList;
			buildConfigurations = (
				760DE31F1DEC8AB300D6EE15 /* Debug */,
				760DE3201DEC8AB300D6EE15 /* Release */,
			);
			defaultConfigurationIsVisible = 0;
			defaultConfigurationName = Release;
		};
/* End XCConfigurationList section */

/* Begin XCRemoteSwiftPackageReference section */
		7632F7FD2545643100C05962 /* RemoteSwiftPackageReference */ = {
			isa = XCRemoteSwiftPackageReference;
			repositoryURL = "https://github.com/firebase/firebase-ios-sdk.git";
			requirement = {
				branch = "6.34-spm-beta";
				kind = branch;
			};
		};
/* End XCRemoteSwiftPackageReference section */

/* Begin XCSwiftPackageProductDependency section */
		7632F7FE2545643100C05962 /* SwiftPackageProductDependency */ = {
			isa = XCSwiftPackageProductDependency;
			package = 7632F7FD2545643100C05962 /* RemoteSwiftPackageReference */;
			productName = FirebaseDatabase;
		};
/* End XCSwiftPackageProductDependency section */
	};
	rootObject = 760DE2EE1DEC8AB300D6EE15 /* Project object */;
}
